// !$*UTF8*$!
{
	archiveVersion = 1;
	classes = {
	};
	objectVersion = 55;
	objects = {

/* Begin PBXBuildFile section */
		CC36742C286B2A3800E91C7F /* AppDelegate.swift in Sources */ = {isa = PBXBuildFile; fileRef = CC36742B286B2A3800E91C7F /* AppDelegate.swift */; };
		CC36742E286B2A3800E91C7F /* SceneDelegate.swift in Sources */ = {isa = PBXBuildFile; fileRef = CC36742D286B2A3800E91C7F /* SceneDelegate.swift */; };
		CC367430286B2A3800E91C7F /* ViewController.swift in Sources */ = {isa = PBXBuildFile; fileRef = CC36742F286B2A3800E91C7F /* ViewController.swift */; };
		CC367433286B2A3800E91C7F /* Main.storyboard in Resources */ = {isa = PBXBuildFile; fileRef = CC367431286B2A3800E91C7F /* Main.storyboard */; };
		CC367435286B2A3B00E91C7F /* Assets.xcassets in Resources */ = {isa = PBXBuildFile; fileRef = CC367434286B2A3B00E91C7F /* Assets.xcassets */; };
		CC367438286B2A3B00E91C7F /* LaunchScreen.storyboard in Resources */ = {isa = PBXBuildFile; fileRef = CC367436286B2A3B00E91C7F /* LaunchScreen.storyboard */; };
		CC367446286B2B0900E91C7F /* Post.swift in Sources */ = {isa = PBXBuildFile; fileRef = CC367445286B2B0900E91C7F /* Post.swift */; };
		CC367448286B2B2000E91C7F /* Constants.swift in Sources */ = {isa = PBXBuildFile; fileRef = CC367447286B2B2000E91C7F /* Constants.swift */; };
		CC36744B286B2B7700E91C7F /* EndPoint.swift in Sources */ = {isa = PBXBuildFile; fileRef = CC36744A286B2B7700E91C7F /* EndPoint.swift */; };
		CC36744D286B2B9700E91C7F /* GenericAPIClient.swift in Sources */ = {isa = PBXBuildFile; fileRef = CC36744C286B2B9700E91C7F /* GenericAPIClient.swift */; };
		CC36744F286B2BB400E91C7F /* URLEncoding.swift in Sources */ = {isa = PBXBuildFile; fileRef = CC36744E286B2BB400E91C7F /* URLEncoding.swift */; };
		CC367452286B2BE000E91C7F /* NetworkError.swift in Sources */ = {isa = PBXBuildFile; fileRef = CC367451286B2BE000E91C7F /* NetworkError.swift */; };
		CC367454286B2BF500E91C7F /* HTTPMethod.swift in Sources */ = {isa = PBXBuildFile; fileRef = CC367453286B2BF500E91C7F /* HTTPMethod.swift */; };
		CC367456286B2C1B00E91C7F /* ErrorResponseModel.swift in Sources */ = {isa = PBXBuildFile; fileRef = CC367455286B2C1B00E91C7F /* ErrorResponseModel.swift */; };
		CC367458286B2C7D00E91C7F /* PostAPIClient.swift in Sources */ = {isa = PBXBuildFile; fileRef = CC367457286B2C7D00E91C7F /* PostAPIClient.swift */; };
		CC61EE77286C33170008C251 /* PostViewModel.swift in Sources */ = {isa = PBXBuildFile; fileRef = CC61EE76286C33170008C251 /* PostViewModel.swift */; };
/* End PBXBuildFile section */

/* Begin PBXFileReference section */
		CC367428286B2A3800E91C7F /* URLSessionNetworking.app */ = {isa = PBXFileReference; explicitFileType = wrapper.application; includeInIndex = 0; path = URLSessionNetworking.app; sourceTree = BUILT_PRODUCTS_DIR; };
		CC36742B286B2A3800E91C7F /* AppDelegate.swift */ = {isa = PBXFileReference; lastKnownFileType = sourcecode.swift; path = AppDelegate.swift; sourceTree = "<group>"; };
		CC36742D286B2A3800E91C7F /* SceneDelegate.swift */ = {isa = PBXFileReference; lastKnownFileType = sourcecode.swift; path = SceneDelegate.swift; sourceTree = "<group>"; };
		CC36742F286B2A3800E91C7F /* ViewController.swift */ = {isa = PBXFileReference; lastKnownFileType = sourcecode.swift; path = ViewController.swift; sourceTree = "<group>"; };
		CC367432286B2A3800E91C7F /* Base */ = {isa = PBXFileReference; lastKnownFileType = file.storyboard; name = Base; path = Base.lproj/Main.storyboard; sourceTree = "<group>"; };
		CC367434286B2A3B00E91C7F /* Assets.xcassets */ = {isa = PBXFileReference; lastKnownFileType = folder.assetcatalog; path = Assets.xcassets; sourceTree = "<group>"; };
		CC367437286B2A3B00E91C7F /* Base */ = {isa = PBXFileReference; lastKnownFileType = file.storyboard; name = Base; path = Base.lproj/LaunchScreen.storyboard; sourceTree = "<group>"; };
		CC367439286B2A3B00E91C7F /* Info.plist */ = {isa = PBXFileReference; lastKnownFileType = text.plist.xml; path = Info.plist; sourceTree = "<group>"; };
		CC367445286B2B0900E91C7F /* Post.swift */ = {isa = PBXFileReference; lastKnownFileType = sourcecode.swift; path = Post.swift; sourceTree = "<group>"; };
		CC367447286B2B2000E91C7F /* Constants.swift */ = {isa = PBXFileReference; lastKnownFileType = sourcecode.swift; path = Constants.swift; sourceTree = "<group>"; };
		CC36744A286B2B7700E91C7F /* EndPoint.swift */ = {isa = PBXFileReference; lastKnownFileType = sourcecode.swift; path = EndPoint.swift; sourceTree = "<group>"; };
		CC36744C286B2B9700E91C7F /* GenericAPIClient.swift */ = {isa = PBXFileReference; lastKnownFileType = sourcecode.swift; path = GenericAPIClient.swift; sourceTree = "<group>"; };
		CC36744E286B2BB400E91C7F /* URLEncoding.swift */ = {isa = PBXFileReference; lastKnownFileType = sourcecode.swift; path = URLEncoding.swift; sourceTree = "<group>"; };
		CC367451286B2BE000E91C7F /* NetworkError.swift */ = {isa = PBXFileReference; lastKnownFileType = sourcecode.swift; path = NetworkError.swift; sourceTree = "<group>"; };
		CC367453286B2BF500E91C7F /* HTTPMethod.swift */ = {isa = PBXFileReference; lastKnownFileType = sourcecode.swift; path = HTTPMethod.swift; sourceTree = "<group>"; };
		CC367455286B2C1B00E91C7F /* ErrorResponseModel.swift */ = {isa = PBXFileReference; lastKnownFileType = sourcecode.swift; path = ErrorResponseModel.swift; sourceTree = "<group>"; };
		CC367457286B2C7D00E91C7F /* PostAPIClient.swift */ = {isa = PBXFileReference; lastKnownFileType = sourcecode.swift; path = PostAPIClient.swift; sourceTree = "<group>"; };
		CC61EE76286C33170008C251 /* PostViewModel.swift */ = {isa = PBXFileReference; lastKnownFileType = sourcecode.swift; path = PostViewModel.swift; sourceTree = "<group>"; };
/* End PBXFileReference section */

/* Begin PBXFrameworksBuildPhase section */
		CC367425286B2A3800E91C7F /* Frameworks */ = {
			isa = PBXFrameworksBuildPhase;
			buildActionMask = 2147483647;
			files = (
			);
			runOnlyForDeploymentPostprocessing = 0;
		};
/* End PBXFrameworksBuildPhase section */

/* Begin PBXGroup section */
		CC36741F286B2A3800E91C7F = {
			isa = PBXGroup;
			children = (
				CC36742A286B2A3800E91C7F /* URLSessionNetworking */,
				CC367429286B2A3800E91C7F /* Products */,
			);
			sourceTree = "<group>";
		};
		CC367429286B2A3800E91C7F /* Products */ = {
			isa = PBXGroup;
			children = (
				CC367428286B2A3800E91C7F /* URLSessionNetworking.app */,
			);
			name = Products;
			sourceTree = "<group>";
		};
		CC36742A286B2A3800E91C7F /* URLSessionNetworking */ = {
			isa = PBXGroup;
			children = (
				CC367444286B2ABA00E91C7F /* APIClients */,
				CC367440286B2A7C00E91C7F /* Controllers */,
				CC36743F286B2A6A00E91C7F /* Delegates */,
				CC367442286B2AA400E91C7F /* Models */,
				CC367443286B2AA900E91C7F /* Networking */,
				CC367441286B2A8B00E91C7F /* Storyboards */,
				CC61EE75286C32E90008C251 /* View Models */,
				CC367439286B2A3B00E91C7F /* Info.plist */,
				CC367434286B2A3B00E91C7F /* Assets.xcassets */,
			);
			path = URLSessionNetworking;
			sourceTree = "<group>";
		};
		CC36743F286B2A6A00E91C7F /* Delegates */ = {
			isa = PBXGroup;
			children = (
				CC36742B286B2A3800E91C7F /* AppDelegate.swift */,
				CC36742D286B2A3800E91C7F /* SceneDelegate.swift */,
			);
			path = Delegates;
			sourceTree = "<group>";
		};
		CC367440286B2A7C00E91C7F /* Controllers */ = {
			isa = PBXGroup;
			children = (
				CC36742F286B2A3800E91C7F /* ViewController.swift */,
			);
			path = Controllers;
			sourceTree = "<group>";
		};
		CC367441286B2A8B00E91C7F /* Storyboards */ = {
			isa = PBXGroup;
			children = (
				CC367431286B2A3800E91C7F /* Main.storyboard */,
				CC367436286B2A3B00E91C7F /* LaunchScreen.storyboard */,
			);
			path = Storyboards;
			sourceTree = "<group>";
		};
		CC367442286B2AA400E91C7F /* Models */ = {
			isa = PBXGroup;
			children = (
				CC367445286B2B0900E91C7F /* Post.swift */,
				CC367447286B2B2000E91C7F /* Constants.swift */,
			);
			path = Models;
			sourceTree = "<group>";
		};
		CC367443286B2AA900E91C7F /* Networking */ = {
			isa = PBXGroup;
			children = (
				CC367450286B2BCC00E91C7F /* Models */,
				CC367449286B2B6100E91C7F /* Protocols */,
			);
			path = Networking;
			sourceTree = "<group>";
		};
		CC367444286B2ABA00E91C7F /* APIClients */ = {
			isa = PBXGroup;
			children = (
				CC367457286B2C7D00E91C7F /* PostAPIClient.swift */,
			);
			path = APIClients;
			sourceTree = "<group>";
		};
		CC367449286B2B6100E91C7F /* Protocols */ = {
			isa = PBXGroup;
			children = (
				CC36744A286B2B7700E91C7F /* EndPoint.swift */,
				CC36744C286B2B9700E91C7F /* GenericAPIClient.swift */,
				CC36744E286B2BB400E91C7F /* URLEncoding.swift */,
			);
			path = Protocols;
			sourceTree = "<group>";
		};
		CC367450286B2BCC00E91C7F /* Models */ = {
			isa = PBXGroup;
			children = (
				CC367451286B2BE000E91C7F /* NetworkError.swift */,
				CC367453286B2BF500E91C7F /* HTTPMethod.swift */,
				CC367455286B2C1B00E91C7F /* ErrorResponseModel.swift */,
			);
			path = Models;
			sourceTree = "<group>";
		};
		CC61EE75286C32E90008C251 /* View Models */ = {
			isa = PBXGroup;
			children = (
				CC61EE76286C33170008C251 /* PostViewModel.swift */,
			);
			path = "View Models";
			sourceTree = "<group>";
		};
/* End PBXGroup section */

/* Begin PBXNativeTarget section */
		CC367427286B2A3800E91C7F /* URLSessionNetworking */ = {
			isa = PBXNativeTarget;
			buildConfigurationList = CC36743C286B2A3B00E91C7F /* Build configuration list for PBXNativeTarget "URLSessionNetworking" */;
			buildPhases = (
				CC367424286B2A3800E91C7F /* Sources */,
				CC367425286B2A3800E91C7F /* Frameworks */,
				CC367426286B2A3800E91C7F /* Resources */,
			);
			buildRules = (
			);
			dependencies = (
			);
			name = URLSessionNetworking;
			productName = URLSessionNetworking;
			productReference = CC367428286B2A3800E91C7F /* URLSessionNetworking.app */;
			productType = "com.apple.product-type.application";
		};
/* End PBXNativeTarget section */

/* Begin PBXProject section */
		CC367420286B2A3800E91C7F /* Project object */ = {
			isa = PBXProject;
			attributes = {
				BuildIndependentTargetsInParallel = 1;
				LastSwiftUpdateCheck = 1340;
				LastUpgradeCheck = 1340;
				TargetAttributes = {
					CC367427286B2A3800E91C7F = {
						CreatedOnToolsVersion = 13.4.1;
					};
				};
			};
			buildConfigurationList = CC367423286B2A3800E91C7F /* Build configuration list for PBXProject "URLSessionNetworking" */;
			compatibilityVersion = "Xcode 13.0";
			developmentRegion = en;
			hasScannedForEncodings = 0;
			knownRegions = (
				en,
				Base,
			);
			mainGroup = CC36741F286B2A3800E91C7F;
			productRefGroup = CC367429286B2A3800E91C7F /* Products */;
			projectDirPath = "";
			projectRoot = "";
			targets = (
				CC367427286B2A3800E91C7F /* URLSessionNetworking */,
			);
		};
/* End PBXProject section */

/* Begin PBXResourcesBuildPhase section */
		CC367426286B2A3800E91C7F /* Resources */ = {
			isa = PBXResourcesBuildPhase;
			buildActionMask = 2147483647;
			files = (
				CC367438286B2A3B00E91C7F /* LaunchScreen.storyboard in Resources */,
				CC367435286B2A3B00E91C7F /* Assets.xcassets in Resources */,
				CC367433286B2A3800E91C7F /* Main.storyboard in Resources */,
			);
			runOnlyForDeploymentPostprocessing = 0;
		};
/* End PBXResourcesBuildPhase section */

/* Begin PBXSourcesBuildPhase section */
		CC367424286B2A3800E91C7F /* Sources */ = {
			isa = PBXSourcesBuildPhase;
			buildActionMask = 2147483647;
			files = (
				CC61EE77286C33170008C251 /* PostViewModel.swift in Sources */,
				CC36744B286B2B7700E91C7F /* EndPoint.swift in Sources */,
				CC367448286B2B2000E91C7F /* Constants.swift in Sources */,
				CC367456286B2C1B00E91C7F /* ErrorResponseModel.swift in Sources */,
				CC367430286B2A3800E91C7F /* ViewController.swift in Sources */,
				CC36742C286B2A3800E91C7F /* AppDelegate.swift in Sources */,
				CC36742E286B2A3800E91C7F /* SceneDelegate.swift in Sources */,
				CC367446286B2B0900E91C7F /* Post.swift in Sources */,
				CC367452286B2BE000E91C7F /* NetworkError.swift in Sources */,
				CC36744F286B2BB400E91C7F /* URLEncoding.swift in Sources */,
				CC367458286B2C7D00E91C7F /* PostAPIClient.swift in Sources */,
				CC367454286B2BF500E91C7F /* HTTPMethod.swift in Sources */,
				CC36744D286B2B9700E91C7F /* GenericAPIClient.swift in Sources */,
			);
			runOnlyForDeploymentPostprocessing = 0;
		};
/* End PBXSourcesBuildPhase section */

/* Begin PBXVariantGroup section */
		CC367431286B2A3800E91C7F /* Main.storyboard */ = {
			isa = PBXVariantGroup;
			children = (
				CC367432286B2A3800E91C7F /* Base */,
			);
			name = Main.storyboard;
			sourceTree = "<group>";
		};
		CC367436286B2A3B00E91C7F /* LaunchScreen.storyboard */ = {
			isa = PBXVariantGroup;
			children = (
				CC367437286B2A3B00E91C7F /* Base */,
			);
			name = LaunchScreen.storyboard;
			sourceTree = "<group>";
		};
/* End PBXVariantGroup section */

/* Begin XCBuildConfiguration section */
		CC36743A286B2A3B00E91C7F /* Debug */ = {
			isa = XCBuildConfiguration;
			buildSettings = {
				ALWAYS_SEARCH_USER_PATHS = NO;
				CLANG_ANALYZER_NONNULL = YES;
				CLANG_ANALYZER_NUMBER_OBJECT_CONVERSION = YES_AGGRESSIVE;
				CLANG_CXX_LANGUAGE_STANDARD = "gnu++17";
				CLANG_ENABLE_MODULES = YES;
				CLANG_ENABLE_OBJC_ARC = YES;
				CLANG_ENABLE_OBJC_WEAK = YES;
				CLANG_WARN_BLOCK_CAPTURE_AUTORELEASING = YES;
				CLANG_WARN_BOOL_CONVERSION = YES;
				CLANG_WARN_COMMA = YES;
				CLANG_WARN_CONSTANT_CONVERSION = YES;
				CLANG_WARN_DEPRECATED_OBJC_IMPLEMENTATIONS = YES;
				CLANG_WARN_DIRECT_OBJC_ISA_USAGE = YES_ERROR;
				CLANG_WARN_DOCUMENTATION_COMMENTS = YES;
				CLANG_WARN_EMPTY_BODY = YES;
				CLANG_WARN_ENUM_CONVERSION = YES;
				CLANG_WARN_INFINITE_RECURSION = YES;
				CLANG_WARN_INT_CONVERSION = YES;
				CLANG_WARN_NON_LITERAL_NULL_CONVERSION = YES;
				CLANG_WARN_OBJC_IMPLICIT_RETAIN_SELF = YES;
				CLANG_WARN_OBJC_LITERAL_CONVERSION = YES;
				CLANG_WARN_OBJC_ROOT_CLASS = YES_ERROR;
				CLANG_WARN_QUOTED_INCLUDE_IN_FRAMEWORK_HEADER = YES;
				CLANG_WARN_RANGE_LOOP_ANALYSIS = YES;
				CLANG_WARN_STRICT_PROTOTYPES = YES;
				CLANG_WARN_SUSPICIOUS_MOVE = YES;
				CLANG_WARN_UNGUARDED_AVAILABILITY = YES_AGGRESSIVE;
				CLANG_WARN_UNREACHABLE_CODE = YES;
				CLANG_WARN__DUPLICATE_METHOD_MATCH = YES;
				COPY_PHASE_STRIP = NO;
				DEBUG_INFORMATION_FORMAT = dwarf;
				ENABLE_STRICT_OBJC_MSGSEND = YES;
				ENABLE_TESTABILITY = YES;
				GCC_C_LANGUAGE_STANDARD = gnu11;
				GCC_DYNAMIC_NO_PIC = NO;
				GCC_NO_COMMON_BLOCKS = YES;
				GCC_OPTIMIZATION_LEVEL = 0;
				GCC_PREPROCESSOR_DEFINITIONS = (
					"DEBUG=1",
					"$(inherited)",
				);
				GCC_WARN_64_TO_32_BIT_CONVERSION = YES;
				GCC_WARN_ABOUT_RETURN_TYPE = YES_ERROR;
				GCC_WARN_UNDECLARED_SELECTOR = YES;
				GCC_WARN_UNINITIALIZED_AUTOS = YES_AGGRESSIVE;
				GCC_WARN_UNUSED_FUNCTION = YES;
				GCC_WARN_UNUSED_VARIABLE = YES;
				IPHONEOS_DEPLOYMENT_TARGET = 15.5;
				MTL_ENABLE_DEBUG_INFO = INCLUDE_SOURCE;
				MTL_FAST_MATH = YES;
				ONLY_ACTIVE_ARCH = YES;
				SDKROOT = iphoneos;
				SWIFT_ACTIVE_COMPILATION_CONDITIONS = DEBUG;
				SWIFT_OPTIMIZATION_LEVEL = "-Onone";
			};
			name = Debug;
		};
		CC36743B286B2A3B00E91C7F /* Release */ = {
			isa = XCBuildConfiguration;
			buildSettings = {
				ALWAYS_SEARCH_USER_PATHS = NO;
				CLANG_ANALYZER_NONNULL = YES;
				CLANG_ANALYZER_NUMBER_OBJECT_CONVERSION = YES_AGGRESSIVE;
				CLANG_CXX_LANGUAGE_STANDARD = "gnu++17";
				CLANG_ENABLE_MODULES = YES;
				CLANG_ENABLE_OBJC_ARC = YES;
				CLANG_ENABLE_OBJC_WEAK = YES;
				CLANG_WARN_BLOCK_CAPTURE_AUTORELEASING = YES;
				CLANG_WARN_BOOL_CONVERSION = YES;
				CLANG_WARN_COMMA = YES;
				CLANG_WARN_CONSTANT_CONVERSION = YES;
				CLANG_WARN_DEPRECATED_OBJC_IMPLEMENTATIONS = YES;
				CLANG_WARN_DIRECT_OBJC_ISA_USAGE = YES_ERROR;
				CLANG_WARN_DOCUMENTATION_COMMENTS = YES;
				CLANG_WARN_EMPTY_BODY = YES;
				CLANG_WARN_ENUM_CONVERSION = YES;
				CLANG_WARN_INFINITE_RECURSION = YES;
				CLANG_WARN_INT_CONVERSION = YES;
				CLANG_WARN_NON_LITERAL_NULL_CONVERSION = YES;
				CLANG_WARN_OBJC_IMPLICIT_RETAIN_SELF = YES;
				CLANG_WARN_OBJC_LITERAL_CONVERSION = YES;
				CLANG_WARN_OBJC_ROOT_CLASS = YES_ERROR;
				CLANG_WARN_QUOTED_INCLUDE_IN_FRAMEWORK_HEADER = YES;
				CLANG_WARN_RANGE_LOOP_ANALYSIS = YES;
				CLANG_WARN_STRICT_PROTOTYPES = YES;
				CLANG_WARN_SUSPICIOUS_MOVE = YES;
				CLANG_WARN_UNGUARDED_AVAILABILITY = YES_AGGRESSIVE;
				CLANG_WARN_UNREACHABLE_CODE = YES;
				CLANG_WARN__DUPLICATE_METHOD_MATCH = YES;
				COPY_PHASE_STRIP = NO;
				DEBUG_INFORMATION_FORMAT = "dwarf-with-dsym";
				ENABLE_NS_ASSERTIONS = NO;
				ENABLE_STRICT_OBJC_MSGSEND = YES;
				GCC_C_LANGUAGE_STANDARD = gnu11;
				GCC_NO_COMMON_BLOCKS = YES;
				GCC_WARN_64_TO_32_BIT_CONVERSION = YES;
				GCC_WARN_ABOUT_RETURN_TYPE = YES_ERROR;
				GCC_WARN_UNDECLARED_SELECTOR = YES;
				GCC_WARN_UNINITIALIZED_AUTOS = YES_AGGRESSIVE;
				GCC_WARN_UNUSED_FUNCTION = YES;
				GCC_WARN_UNUSED_VARIABLE = YES;
				IPHONEOS_DEPLOYMENT_TARGET = 15.5;
				MTL_ENABLE_DEBUG_INFO = NO;
				MTL_FAST_MATH = YES;
				SDKROOT = iphoneos;
				SWIFT_COMPILATION_MODE = wholemodule;
				SWIFT_OPTIMIZATION_LEVEL = "-O";
				VALIDATE_PRODUCT = YES;
			};
			name = Release;
		};
		CC36743D286B2A3B00E91C7F /* Debug */ = {
			isa = XCBuildConfiguration;
			buildSettings = {
				ASSETCATALOG_COMPILER_APPICON_NAME = AppIcon;
				ASSETCATALOG_COMPILER_GLOBAL_ACCENT_COLOR_NAME = AccentColor;
				CODE_SIGN_STYLE = Automatic;
				CURRENT_PROJECT_VERSION = 1;
				DEVELOPMENT_TEAM = 9LHQZHWCYW;
				GENERATE_INFOPLIST_FILE = YES;
				INFOPLIST_FILE = URLSessionNetworking/Info.plist;
				INFOPLIST_KEY_UIApplicationSupportsIndirectInputEvents = YES;
				INFOPLIST_KEY_UILaunchStoryboardName = LaunchScreen;
				INFOPLIST_KEY_UIMainStoryboardFile = Main;
				INFOPLIST_KEY_UISupportedInterfaceOrientations_iPad = "UIInterfaceOrientationPortrait UIInterfaceOrientationPortraitUpsideDown UIInterfaceOrientationLandscapeLeft UIInterfaceOrientationLandscapeRight";
				INFOPLIST_KEY_UISupportedInterfaceOrientations_iPhone = "UIInterfaceOrientationPortrait UIInterfaceOrientationLandscapeLeft UIInterfaceOrientationLandscapeRight";
				LD_RUNPATH_SEARCH_PATHS = (
					"$(inherited)",
					"@executable_path/Frameworks",
				);
				MARKETING_VERSION = 1.0;
				PRODUCT_BUNDLE_IDENTIFIER = net.sharetrip.networking.URLSessionNetworking;
				PRODUCT_NAME = "$(TARGET_NAME)";
				SWIFT_EMIT_LOC_STRINGS = YES;
				SWIFT_VERSION = 5.0;
				TARGETED_DEVICE_FAMILY = "1,2";
			};
			name = Debug;
		};
		CC36743E286B2A3B00E91C7F /* Release */ = {
			isa = XCBuildConfiguration;
			buildSettings = {
				ASSETCATALOG_COMPILER_APPICON_NAME = AppIcon;
				ASSETCATALOG_COMPILER_GLOBAL_ACCENT_COLOR_NAME = AccentColor;
				CODE_SIGN_STYLE = Automatic;
				CURRENT_PROJECT_VERSION = 1;
				DEVELOPMENT_TEAM = 9LHQZHWCYW;
				GENERATE_INFOPLIST_FILE = YES;
				INFOPLIST_FILE = URLSessionNetworking/Info.plist;
				INFOPLIST_KEY_UIApplicationSupportsIndirectInputEvents = YES;
				INFOPLIST_KEY_UILaunchStoryboardName = LaunchScreen;
				INFOPLIST_KEY_UIMainStoryboardFile = Main;
				INFOPLIST_KEY_UISupportedInterfaceOrientations_iPad = "UIInterfaceOrientationPortrait UIInterfaceOrientationPortraitUpsideDown UIInterfaceOrientationLandscapeLeft UIInterfaceOrientationLandscapeRight";
				INFOPLIST_KEY_UISupportedInterfaceOrientations_iPhone = "UIInterfaceOrientationPortrait UIInterfaceOrientationLandscapeLeft UIInterfaceOrientationLandscapeRight";
				LD_RUNPATH_SEARCH_PATHS = (
					"$(inherited)",
					"@executable_path/Frameworks",
				);
				MARKETING_VERSION = 1.0;
				PRODUCT_BUNDLE_IDENTIFIER = net.sharetrip.networking.URLSessionNetworking;
				PRODUCT_NAME = "$(TARGET_NAME)";
				SWIFT_EMIT_LOC_STRINGS = YES;
				SWIFT_VERSION = 5.0;
				TARGETED_DEVICE_FAMILY = "1,2";
			};
			name = Release;
		};
/* End XCBuildConfiguration section */

/* Begin XCConfigurationList section */
		CC367423286B2A3800E91C7F /* Build configuration list for PBXProject "URLSessionNetworking" */ = {
			isa = XCConfigurationList;
			buildConfigurations = (
				CC36743A286B2A3B00E91C7F /* Debug */,
				CC36743B286B2A3B00E91C7F /* Release */,
			);
			defaultConfigurationIsVisible = 0;
			defaultConfigurationName = Release;
		};
		CC36743C286B2A3B00E91C7F /* Build configuration list for PBXNativeTarget "URLSessionNetworking" */ = {
			isa = XCConfigurationList;
			buildConfigurations = (
				CC36743D286B2A3B00E91C7F /* Debug */,
				CC36743E286B2A3B00E91C7F /* Release */,
			);
			defaultConfigurationIsVisible = 0;
			defaultConfigurationName = Release;
		};
/* End XCConfigurationList section */
	};
	rootObject = CC367420286B2A3800E91C7F /* Project object */;
}
